
Microsoft Visual Studio Solution File, Format Version 12.00
# Visual Studio Version 16
VisualStudioVersion = 16.0.30717.126
MinimumVisualStudioVersion = 10.0.40219.1
Project("{8BC9CEB8-8B4A-11D0-8D11-00A0C91BC942}") = "Canteen", "Canteen\Canteen.vcxproj", "{68BE36F0-4EF8-4D12-BCE8-BB3E1782268A}"
EndProject
Global
	GlobalSection(SolutionConfigurationPlatforms) = preSolution
		Debug|x64 = Debug|x64
		Release|x64 = Release|x64
	EndGlobalSection
	GlobalSection(ProjectConfigurationPlatforms) = postSolution
		{68BE36F0-4EF8-4D12-BCE8-BB3E1782268A}.Debug|x64.ActiveCfg = Debug|x64
		{68BE36F0-4EF8-4D12-BCE8-BB3E1782268A}.Debug|x64.Build.0 = Debug|x64
		{68BE36F0-4EF8-4D12-BCE8-BB3E1782268A}.Release|x64.ActiveCfg = Release|x64
		{68BE36F0-4EF8-4D12-BCE8-BB3E1782268A}.Release|x64.Build.0 = Release|x64
	EndGlobalSection
	GlobalSection(SolutionProperties) = preSolution
		HideSolutionNode = FALSE
	EndGlobalSection
	GlobalSection(ExtensibilityGlobals) = postSolution
		SolutionGuid = {36B73C14-D1D2-4606-AA47-100367B1CCE4}
	EndGlobalSection
EndGlobal
